
Microsoft Visual Studio Solution File, Format Version 12.00
# Visual Studio Version 17
VisualStudioVersion = 17.0.31912.275
MinimumVisualStudioVersion = 10.0.40219.1
Project("{FAE04EC0-301F-11D3-BF4B-00C04F79EFBC}") = "GloboTicket.Domain", "GloboTicket.Domain\GloboTicket.Domain.csproj", "{39A8D196-2E3E-4236-9E27-1BA2D78C9394}"
EndProject
Project("{FAE04EC0-301F-11D3-BF4B-00C04F79EFBC}") = "GloboTicket.Infrastructure", "GloboTicket.Infrastructure\GloboTicket.Infrastructure.csproj", "{46D37854-B86C-4335-BAB1-8FC2C90C3044}"
EndProject
Global
	GlobalSection(SolutionConfigurationPlatforms) = preSolution
		Debug|Any CPU = Debug|Any CPU
		Release|Any CPU = Release|Any CPU
	EndGlobalSection
	GlobalSection(ProjectConfigurationPlatforms) = postSolution
		{39A8D196-2E3E-4236-9E27-1BA2D78C9394}.Debug|Any CPU.ActiveCfg = Debug|Any CPU
		{39A8D196-2E3E-4236-9E27-1BA2D78C9394}.Debug|Any CPU.Build.0 = Debug|Any CPU
		{39A8D196-2E3E-4236-9E27-1BA2D78C9394}.Release|Any CPU.ActiveCfg = Release|Any CPU
		{39A8D196-2E3E-4236-9E27-1BA2D78C9394}.Release|Any CPU.Build.0 = Release|Any CPU
		{46D37854-B86C-4335-BAB1-8FC2C90C3044}.Debug|Any CPU.ActiveCfg = Debug|Any CPU
		{46D37854-B86C-4335-BAB1-8FC2C90C3044}.Debug|Any CPU.Build.0 = Debug|Any CPU
		{46D37854-B86C-4335-BAB1-8FC2C90C3044}.Release|Any CPU.ActiveCfg = Release|Any CPU
		{46D37854-B86C-4335-BAB1-8FC2C90C3044}.Release|Any CPU.Build.0 = Release|Any CPU
	EndGlobalSection
	GlobalSection(SolutionProperties) = preSolution
		HideSolutionNode = FALSE
	EndGlobalSection
	GlobalSection(ExtensibilityGlobals) = postSolution
		SolutionGuid = {7C4A8A7B-79D5-4ABA-8796-6D54F8A33DC9}
	EndGlobalSection
EndGlobal
